--- 
charts: 
  - 
    date: "2013-07-05"
    value: 409
  - 
    date: "2013-07-06"
    value: 254
  - 
    date: "2013-07-07"
    value: 217
  - 
    date: "2013-07-08"
    value: 354
  - 
    date: "2013-07-09"
    value: 424
  - 
    date: "2013-07-10"
    value: 418
  - 
    date: "2013-07-11"
    value: 447
  - 
    date: "2013-07-12"
    value: 330
  - 
    date: "2013-07-13"
    value: 120
  - 
    date: "2013-07-14"
    value: 103
  - 
    date: "2013-07-15"
    value: 179
  - 
    date: "2013-07-16"
    value: 300
  - 
    date: "2013-07-17"
    value: 181
  - 
    date: "2013-07-18"
    value: 472
  - 
    date: "2013-07-19"
    value: 3
title: 最近15天监测总量走势
