--- 
charts: 
  - 
    date: "2013-06-27"
    value: 132
  - 
    date: "2013-06-28"
    value: 125
  - 
    date: "2013-06-29"
    value: 75
  - 
    date: "2013-06-30"
    value: 54
  - 
    date: "2013-07-01"
    value: 116
  - 
    date: "2013-07-02"
    value: 174
  - 
    date: "2013-07-03"
    value: 164
  - 
    date: "2013-07-04"
    value: 111
  - 
    date: "2013-07-05"
    value: 216
  - 
    date: "2013-07-06"
    value: 105
  - 
    date: "2013-07-07"
    value: 105
  - 
    date: "2013-07-08"
    value: 77
  - 
    date: "2013-07-09"
    value: 179
  - 
    date: "2013-07-10"
    value: 106
  - 
    date: "2013-07-11"
    value: 77
title: 最近15天监测总量走势
